
Microsoft Visual Studio Solution File, Format Version 12.00
# Visual Studio Version 17
VisualStudioVersion = 17.3.32825.248
MinimumVisualStudioVersion = 10.0.40219.1
Project("{FAE04EC0-301F-11D3-BF4B-00C04F79EFBC}") = "ImageShareLikes.Web", "ImageShareLikes.Web\ImageShareLikes.Web.csproj", "{8B15982A-9F81-4605-8917-4903DE50E52A}"
EndProject
Project("{FAE04EC0-301F-11D3-BF4B-00C04F79EFBC}") = "ImageShareLikes.Data", "ImageShareLikes.Data\ImageShareLikes.Data.csproj", "{5FBD189D-A818-4BC3-938F-763A238CF99F}"
EndProject
Global
	GlobalSection(SolutionConfigurationPlatforms) = preSolution
		Debug|Any CPU = Debug|Any CPU
		Release|Any CPU = Release|Any CPU
	EndGlobalSection
	GlobalSection(ProjectConfigurationPlatforms) = postSolution
		{8B15982A-9F81-4605-8917-4903DE50E52A}.Debug|Any CPU.ActiveCfg = Debug|Any CPU
		{8B15982A-9F81-4605-8917-4903DE50E52A}.Debug|Any CPU.Build.0 = Debug|Any CPU
		{8B15982A-9F81-4605-8917-4903DE50E52A}.Release|Any CPU.ActiveCfg = Release|Any CPU
		{8B15982A-9F81-4605-8917-4903DE50E52A}.Release|Any CPU.Build.0 = Release|Any CPU
		{5FBD189D-A818-4BC3-938F-763A238CF99F}.Debug|Any CPU.ActiveCfg = Debug|Any CPU
		{5FBD189D-A818-4BC3-938F-763A238CF99F}.Debug|Any CPU.Build.0 = Debug|Any CPU
		{5FBD189D-A818-4BC3-938F-763A238CF99F}.Release|Any CPU.ActiveCfg = Release|Any CPU
		{5FBD189D-A818-4BC3-938F-763A238CF99F}.Release|Any CPU.Build.0 = Release|Any CPU
	EndGlobalSection
	GlobalSection(SolutionProperties) = preSolution
		HideSolutionNode = FALSE
	EndGlobalSection
	GlobalSection(ExtensibilityGlobals) = postSolution
		SolutionGuid = {CEB76A98-9560-458B-AC02-DC7B7601291A}
	EndGlobalSection
EndGlobal
